// !$*UTF8*$!
{
	archiveVersion = 1;
	classes = {
	};
	objectVersion = 56;
	objects = {

/* Begin PBXBuildFile section */
		690575EF2C9B16CB00BFEE90 /* FilterViewController.swift in Sources */ = {isa = PBXBuildFile; fileRef = 690575EE2C9B16AE00BFEE90 /* FilterViewController.swift */; };
		693C6BCD2C179748006D0E53 /* OnboardingViewController.swift in Sources */ = {isa = PBXBuildFile; fileRef = 693C6BCC2C179748006D0E53 /* OnboardingViewController.swift */; };
		693C6BCF2C18CC79006D0E53 /* AppSettingsStore.swift in Sources */ = {isa = PBXBuildFile; fileRef = 693C6BCE2C18CC79006D0E53 /* AppSettingsStore.swift */; };
		693C6BD32C1A3351006D0E53 /* CategoryViewModel.swift in Sources */ = {isa = PBXBuildFile; fileRef = 693C6BD22C1A3351006D0E53 /* CategoryViewModel.swift */; };
		69519E112C03160A00C8B71F /* ColorsSupplementaryView.swift in Sources */ = {isa = PBXBuildFile; fileRef = 69519E102C03160A00C8B71F /* ColorsSupplementaryView.swift */; };
		69519E132C031B4700C8B71F /* ColorsAndEmojisCells.swift in Sources */ = {isa = PBXBuildFile; fileRef = 69519E122C031B4700C8B71F /* ColorsAndEmojisCells.swift */; };
		69705AD42BF99D1700521FBE /* AppDelegate.swift in Sources */ = {isa = PBXBuildFile; fileRef = 69705AD32BF99D1700521FBE /* AppDelegate.swift */; };
		69705AD62BF99D1700521FBE /* SceneDelegate.swift in Sources */ = {isa = PBXBuildFile; fileRef = 69705AD52BF99D1700521FBE /* SceneDelegate.swift */; };
		69705ADD2BF99D1800521FBE /* Assets.xcassets in Resources */ = {isa = PBXBuildFile; fileRef = 69705ADC2BF99D1800521FBE /* Assets.xcassets */; };
		69705AE02BF99D1800521FBE /* Base in Resources */ = {isa = PBXBuildFile; fileRef = 69705ADF2BF99D1800521FBE /* Base */; };
		69705AE92BF9A0E200521FBE /* TrackersViewController.swift in Sources */ = {isa = PBXBuildFile; fileRef = 69705AE82BF9A0E200521FBE /* TrackersViewController.swift */; };
		69705AEB2BF9A27F00521FBE /* TabBarController.swift in Sources */ = {isa = PBXBuildFile; fileRef = 69705AEA2BF9A27F00521FBE /* TabBarController.swift */; };
		69705AED2BF9A30100521FBE /* StatisticViewController.swift in Sources */ = {isa = PBXBuildFile; fileRef = 69705AEC2BF9A30100521FBE /* StatisticViewController.swift */; };
		69705AF02BF9A4F700521FBE /* AddNewTrackerViewController.swift in Sources */ = {isa = PBXBuildFile; fileRef = 69705AEF2BF9A4F700521FBE /* AddNewTrackerViewController.swift */; };
		69705AF22BF9A58900521FBE /* TrackersCollectionViewCell.swift in Sources */ = {isa = PBXBuildFile; fileRef = 69705AF12BF9A58900521FBE /* TrackersCollectionViewCell.swift */; };
		69705AF52BF9A61200521FBE /* Tracker.swift in Sources */ = {isa = PBXBuildFile; fileRef = 69705AF42BF9A61200521FBE /* Tracker.swift */; };
		69705AF72BF9A64300521FBE /* TrackerCategory.swift in Sources */ = {isa = PBXBuildFile; fileRef = 69705AF62BF9A64300521FBE /* TrackerCategory.swift */; };
		69705AF92BF9A66800521FBE /* TrackerRecord.swift in Sources */ = {isa = PBXBuildFile; fileRef = 69705AF82BF9A66800521FBE /* TrackerRecord.swift */; };
		69705AFB2BF9A69700521FBE /* WeekTable.swift in Sources */ = {isa = PBXBuildFile; fileRef = 69705AFA2BF9A69700521FBE /* WeekTable.swift */; };
		69705AFD2BF9AA8500521FBE /* TrackerSupplementaryView.swift in Sources */ = {isa = PBXBuildFile; fileRef = 69705AFC2BF9AA8500521FBE /* TrackerSupplementaryView.swift */; };
		69705B012BF9ABC800521FBE /* ActivityViewController.swift in Sources */ = {isa = PBXBuildFile; fileRef = 69705B002BF9ABC800521FBE /* ActivityViewController.swift */; };
		69705B062BF9ACE600521FBE /* ActivityCell.swift in Sources */ = {isa = PBXBuildFile; fileRef = 69705B052BF9ACE600521FBE /* ActivityCell.swift */; };
		69705B082BF9AD4B00521FBE /* CategoryViewController.swift in Sources */ = {isa = PBXBuildFile; fileRef = 69705B072BF9AD4B00521FBE /* CategoryViewController.swift */; };
		69705B0A2BF9AD7C00521FBE /* NewCategoryViewController.swift in Sources */ = {isa = PBXBuildFile; fileRef = 69705B092BF9AD7C00521FBE /* NewCategoryViewController.swift */; };
		69705B0C2BF9ADD100521FBE /* WeekTableViewController.swift in Sources */ = {isa = PBXBuildFile; fileRef = 69705B0B2BF9ADD100521FBE /* WeekTableViewController.swift */; };
		69705B0E2BF9ADF400521FBE /* CustomTableViewCell.swift in Sources */ = {isa = PBXBuildFile; fileRef = 69705B0D2BF9ADF400521FBE /* CustomTableViewCell.swift */; };
		69ACF7902C2EFCDE001B8DB5 /* TrackersTests.swift in Sources */ = {isa = PBXBuildFile; fileRef = 69ACF78F2C2EFCDE001B8DB5 /* TrackersTests.swift */; };
		69ACF7982C2EFD02001B8DB5 /* InlineSnapshotTesting in Frameworks */ = {isa = PBXBuildFile; productRef = 69ACF7972C2EFD02001B8DB5 /* InlineSnapshotTesting */; };
		69ACF79A2C2EFD02001B8DB5 /* SnapshotTesting in Frameworks */ = {isa = PBXBuildFile; productRef = 69ACF7992C2EFD02001B8DB5 /* SnapshotTesting */; };
		69DA9A032C2217A100D5DA03 /* Localizable.strings in Resources */ = {isa = PBXBuildFile; fileRef = 69DA9A012C2217A100D5DA03 /* Localizable.strings */; };
		69DA9A092C22501000D5DA03 /* Localizable.stringsdict in Resources */ = {isa = PBXBuildFile; fileRef = 69DA9A072C22501000D5DA03 /* Localizable.stringsdict */; };
		69DFEBBA2C1CE2BC00EBC850 /* OnboardingSetupPageViewController.swift in Sources */ = {isa = PBXBuildFile; fileRef = 69DFEBB92C1CE2BC00EBC850 /* OnboardingSetupPageViewController.swift */; };
		69DFEBBD2C1CE67600EBC850 /* Binding.swift in Sources */ = {isa = PBXBuildFile; fileRef = 69DFEBBC2C1CE67600EBC850 /* Binding.swift */; };
		69E9C0922C68DCA40093B6F7 /* EditTrackerViewController.swift in Sources */ = {isa = PBXBuildFile; fileRef = 69E9C0912C68DCA40093B6F7 /* EditTrackerViewController.swift */; };
		69F672D12C0371B300871B36 /* Trackers.xcdatamodeld in Sources */ = {isa = PBXBuildFile; fileRef = 69F672CF2C0371B300871B36 /* Trackers.xcdatamodeld */; };
		69F672D32C04D06A00871B36 /* TrackerStore.swift in Sources */ = {isa = PBXBuildFile; fileRef = 69F672D22C04D06A00871B36 /* TrackerStore.swift */; };
		69F672D52C04D0AC00871B36 /* TrackerCategoryStore.swift in Sources */ = {isa = PBXBuildFile; fileRef = 69F672D42C04D0AC00871B36 /* TrackerCategoryStore.swift */; };
		69F672D72C04D0C900871B36 /* TrackerRecordStore.swift in Sources */ = {isa = PBXBuildFile; fileRef = 69F672D62C04D0C900871B36 /* TrackerRecordStore.swift */; };
		69F672DB2C05AA0900871B36 /* UIColorMarshalling.swift in Sources */ = {isa = PBXBuildFile; fileRef = 69F672DA2C05AA0900871B36 /* UIColorMarshalling.swift */; };
/* End PBXBuildFile section */

/* Begin PBXContainerItemProxy section */
		69ACF7912C2EFCDE001B8DB5 /* PBXContainerItemProxy */ = {
			isa = PBXContainerItemProxy;
			containerPortal = 69705AC82BF99D1700521FBE /* Project object */;
			proxyType = 1;
			remoteGlobalIDString = 69705ACF2BF99D1700521FBE;
			remoteInfo = Trackers;
		};
/* End PBXContainerItemProxy section */

/* Begin PBXFileReference section */
		690575EE2C9B16AE00BFEE90 /* FilterViewController.swift */ = {isa = PBXFileReference; lastKnownFileType = sourcecode.swift; path = FilterViewController.swift; sourceTree = "<group>"; };
		693C6BCC2C179748006D0E53 /* OnboardingViewController.swift */ = {isa = PBXFileReference; lastKnownFileType = sourcecode.swift; path = OnboardingViewController.swift; sourceTree = "<group>"; };
		693C6BCE2C18CC79006D0E53 /* AppSettingsStore.swift */ = {isa = PBXFileReference; lastKnownFileType = sourcecode.swift; path = AppSettingsStore.swift; sourceTree = "<group>"; };
		693C6BD22C1A3351006D0E53 /* CategoryViewModel.swift */ = {isa = PBXFileReference; lastKnownFileType = sourcecode.swift; path = CategoryViewModel.swift; sourceTree = "<group>"; };
		69519E102C03160A00C8B71F /* ColorsSupplementaryView.swift */ = {isa = PBXFileReference; lastKnownFileType = sourcecode.swift; path = ColorsSupplementaryView.swift; sourceTree = "<group>"; };
		69519E122C031B4700C8B71F /* ColorsAndEmojisCells.swift */ = {isa = PBXFileReference; lastKnownFileType = sourcecode.swift; path = ColorsAndEmojisCells.swift; sourceTree = "<group>"; };
		69705AD02BF99D1700521FBE /* Trackers.app */ = {isa = PBXFileReference; explicitFileType = wrapper.application; includeInIndex = 0; path = Trackers.app; sourceTree = BUILT_PRODUCTS_DIR; };
		69705AD32BF99D1700521FBE /* AppDelegate.swift */ = {isa = PBXFileReference; lastKnownFileType = sourcecode.swift; path = AppDelegate.swift; sourceTree = "<group>"; };
		69705AD52BF99D1700521FBE /* SceneDelegate.swift */ = {isa = PBXFileReference; lastKnownFileType = sourcecode.swift; path = SceneDelegate.swift; sourceTree = "<group>"; };
		69705ADC2BF99D1800521FBE /* Assets.xcassets */ = {isa = PBXFileReference; lastKnownFileType = folder.assetcatalog; path = Assets.xcassets; sourceTree = "<group>"; };
		69705ADF2BF99D1800521FBE /* Base */ = {isa = PBXFileReference; lastKnownFileType = file.storyboard; name = Base; path = Base.lproj/LaunchScreen.storyboard; sourceTree = "<group>"; };
		69705AE12BF99D1800521FBE /* Info.plist */ = {isa = PBXFileReference; lastKnownFileType = text.plist.xml; path = Info.plist; sourceTree = "<group>"; };
		69705AE82BF9A0E200521FBE /* TrackersViewController.swift */ = {isa = PBXFileReference; lastKnownFileType = sourcecode.swift; path = TrackersViewController.swift; sourceTree = "<group>"; };
		69705AEA2BF9A27F00521FBE /* TabBarController.swift */ = {isa = PBXFileReference; lastKnownFileType = sourcecode.swift; path = TabBarController.swift; sourceTree = "<group>"; };
		69705AEC2BF9A30100521FBE /* StatisticViewController.swift */ = {isa = PBXFileReference; lastKnownFileType = sourcecode.swift; path = StatisticViewController.swift; sourceTree = "<group>"; };
		69705AEF2BF9A4F700521FBE /* AddNewTrackerViewController.swift */ = {isa = PBXFileReference; lastKnownFileType = sourcecode.swift; path = AddNewTrackerViewController.swift; sourceTree = "<group>"; };
		69705AF12BF9A58900521FBE /* TrackersCollectionViewCell.swift */ = {isa = PBXFileReference; lastKnownFileType = sourcecode.swift; path = TrackersCollectionViewCell.swift; sourceTree = "<group>"; };
		69705AF42BF9A61200521FBE /* Tracker.swift */ = {isa = PBXFileReference; lastKnownFileType = sourcecode.swift; path = Tracker.swift; sourceTree = "<group>"; };
		69705AF62BF9A64300521FBE /* TrackerCategory.swift */ = {isa = PBXFileReference; lastKnownFileType = sourcecode.swift; path = TrackerCategory.swift; sourceTree = "<group>"; };
		69705AF82BF9A66800521FBE /* TrackerRecord.swift */ = {isa = PBXFileReference; lastKnownFileType = sourcecode.swift; path = TrackerRecord.swift; sourceTree = "<group>"; };
		69705AFA2BF9A69700521FBE /* WeekTable.swift */ = {isa = PBXFileReference; lastKnownFileType = sourcecode.swift; path = WeekTable.swift; sourceTree = "<group>"; };
		69705AFC2BF9AA8500521FBE /* TrackerSupplementaryView.swift */ = {isa = PBXFileReference; lastKnownFileType = sourcecode.swift; path = TrackerSupplementaryView.swift; sourceTree = "<group>"; };
		69705B002BF9ABC800521FBE /* ActivityViewController.swift */ = {isa = PBXFileReference; lastKnownFileType = sourcecode.swift; path = ActivityViewController.swift; sourceTree = "<group>"; };
		69705B052BF9ACE600521FBE /* ActivityCell.swift */ = {isa = PBXFileReference; lastKnownFileType = sourcecode.swift; path = ActivityCell.swift; sourceTree = "<group>"; };
		69705B072BF9AD4B00521FBE /* CategoryViewController.swift */ = {isa = PBXFileReference; lastKnownFileType = sourcecode.swift; path = CategoryViewController.swift; sourceTree = "<group>"; };
		69705B092BF9AD7C00521FBE /* NewCategoryViewController.swift */ = {isa = PBXFileReference; lastKnownFileType = sourcecode.swift; path = NewCategoryViewController.swift; sourceTree = "<group>"; };
		69705B0B2BF9ADD100521FBE /* WeekTableViewController.swift */ = {isa = PBXFileReference; lastKnownFileType = sourcecode.swift; path = WeekTableViewController.swift; sourceTree = "<group>"; };
		69705B0D2BF9ADF400521FBE /* CustomTableViewCell.swift */ = {isa = PBXFileReference; lastKnownFileType = sourcecode.swift; path = CustomTableViewCell.swift; sourceTree = "<group>"; };
		69ACF78D2C2EFCDE001B8DB5 /* TrackersTests.xctest */ = {isa = PBXFileReference; explicitFileType = wrapper.cfbundle; includeInIndex = 0; path = TrackersTests.xctest; sourceTree = BUILT_PRODUCTS_DIR; };
		69ACF78F2C2EFCDE001B8DB5 /* TrackersTests.swift */ = {isa = PBXFileReference; lastKnownFileType = sourcecode.swift; path = TrackersTests.swift; sourceTree = "<group>"; };
		69DA9A022C2217A100D5DA03 /* en */ = {isa = PBXFileReference; lastKnownFileType = text.plist.strings; name = en; path = en.lproj/Localizable.strings; sourceTree = "<group>"; };
		69DA9A042C221B9900D5DA03 /* ru */ = {isa = PBXFileReference; lastKnownFileType = text.plist.strings; name = ru; path = ru.lproj/LaunchScreen.strings; sourceTree = "<group>"; };
		69DA9A062C221C1A00D5DA03 /* ru */ = {isa = PBXFileReference; lastKnownFileType = text.plist.strings; name = ru; path = ru.lproj/Localizable.strings; sourceTree = "<group>"; };
		69DA9A082C22501000D5DA03 /* ru */ = {isa = PBXFileReference; lastKnownFileType = text.plist.stringsdict; name = ru; path = ru.lproj/Localizable.stringsdict; sourceTree = "<group>"; };
		69DA9A0A2C22501700D5DA03 /* en */ = {isa = PBXFileReference; lastKnownFileType = text.plist.stringsdict; name = en; path = en.lproj/Localizable.stringsdict; sourceTree = "<group>"; };
		69DA9A0B2C230E1400D5DA03 /* es-419 */ = {isa = PBXFileReference; lastKnownFileType = text.plist.strings; name = "es-419"; path = "es-419.lproj/LaunchScreen.strings"; sourceTree = "<group>"; };
		69DA9A0C2C230E1400D5DA03 /* es-419 */ = {isa = PBXFileReference; lastKnownFileType = text.plist.strings; name = "es-419"; path = "es-419.lproj/Localizable.strings"; sourceTree = "<group>"; };
		69DA9A0D2C230E1400D5DA03 /* es-419 */ = {isa = PBXFileReference; lastKnownFileType = text.plist.stringsdict; name = "es-419"; path = "es-419.lproj/Localizable.stringsdict"; sourceTree = "<group>"; };
		69DFEBB92C1CE2BC00EBC850 /* OnboardingSetupPageViewController.swift */ = {isa = PBXFileReference; lastKnownFileType = sourcecode.swift; path = OnboardingSetupPageViewController.swift; sourceTree = "<group>"; };
		69DFEBBC2C1CE67600EBC850 /* Binding.swift */ = {isa = PBXFileReference; lastKnownFileType = sourcecode.swift; path = Binding.swift; sourceTree = "<group>"; };
		69E9C0912C68DCA40093B6F7 /* EditTrackerViewController.swift */ = {isa = PBXFileReference; lastKnownFileType = sourcecode.swift; path = EditTrackerViewController.swift; sourceTree = "<group>"; };
		69F672D02C0371B300871B36 /* Trackers.xcdatamodel */ = {isa = PBXFileReference; lastKnownFileType = wrapper.xcdatamodel; path = Trackers.xcdatamodel; sourceTree = "<group>"; };
		69F672D22C04D06A00871B36 /* TrackerStore.swift */ = {isa = PBXFileReference; lastKnownFileType = sourcecode.swift; path = TrackerStore.swift; sourceTree = "<group>"; };
		69F672D42C04D0AC00871B36 /* TrackerCategoryStore.swift */ = {isa = PBXFileReference; lastKnownFileType = sourcecode.swift; path = TrackerCategoryStore.swift; sourceTree = "<group>"; };
		69F672D62C04D0C900871B36 /* TrackerRecordStore.swift */ = {isa = PBXFileReference; lastKnownFileType = sourcecode.swift; path = TrackerRecordStore.swift; sourceTree = "<group>"; };
		69F672DA2C05AA0900871B36 /* UIColorMarshalling.swift */ = {isa = PBXFileReference; lastKnownFileType = sourcecode.swift; path = UIColorMarshalling.swift; sourceTree = "<group>"; };
/* End PBXFileReference section */

/* Begin PBXFrameworksBuildPhase section */
		69705ACD2BF99D1700521FBE /* Frameworks */ = {
			isa = PBXFrameworksBuildPhase;
			buildActionMask = 2147483647;
			files = (
			);
			runOnlyForDeploymentPostprocessing = 0;
		};
		69ACF78A2C2EFCDE001B8DB5 /* Frameworks */ = {
			isa = PBXFrameworksBuildPhase;
			buildActionMask = 2147483647;
			files = (
				69ACF7982C2EFD02001B8DB5 /* InlineSnapshotTesting in Frameworks */,
				69ACF79A2C2EFD02001B8DB5 /* SnapshotTesting in Frameworks */,
			);
			runOnlyForDeploymentPostprocessing = 0;
		};
/* End PBXFrameworksBuildPhase section */

/* Begin PBXGroup section */
		693C6BCB2C179728006D0E53 /* Onboarding */ = {
			isa = PBXGroup;
			children = (
				693C6BCC2C179748006D0E53 /* OnboardingViewController.swift */,
				69DFEBB92C1CE2BC00EBC850 /* OnboardingSetupPageViewController.swift */,
			);
			path = Onboarding;
			sourceTree = "<group>";
		};
		69519E0B2C01634D00C8B71F /* Category */ = {
			isa = PBXGroup;
			children = (
				69705B092BF9AD7C00521FBE /* NewCategoryViewController.swift */,
				69705B072BF9AD4B00521FBE /* CategoryViewController.swift */,
				693C6BD22C1A3351006D0E53 /* CategoryViewModel.swift */,
			);
			path = Category;
			sourceTree = "<group>";
		};
		69705AC72BF99D1700521FBE = {
			isa = PBXGroup;
			children = (
				69705AD22BF99D1700521FBE /* Trackers */,
				69ACF78E2C2EFCDE001B8DB5 /* TrackersTests */,
				69705AD12BF99D1700521FBE /* Products */,
			);
			sourceTree = "<group>";
		};
		69705AD12BF99D1700521FBE /* Products */ = {
			isa = PBXGroup;
			children = (
				69705AD02BF99D1700521FBE /* Trackers.app */,
				69ACF78D2C2EFCDE001B8DB5 /* TrackersTests.xctest */,
			);
			name = Products;
			sourceTree = "<group>";
		};
		69705AD22BF99D1700521FBE /* Trackers */ = {
			isa = PBXGroup;
			children = (
				69DA9A002C2216E200D5DA03 /* Resources */,
				69DFEBBB2C1CE65F00EBC850 /* Binding */,
				693C6BCB2C179728006D0E53 /* Onboarding */,
				69F672CE2C03714D00871B36 /* CoreData */,
				69705AFE2BF9AB9D00521FBE /* NewTrackers */,
				69705AF32BF9A5F300521FBE /* Models */,
				69705AEE2BF9A3D400521FBE /* Statistic */,
				69705AE72BF9A0BF00521FBE /* MainScreen */,
				69705AD32BF99D1700521FBE /* AppDelegate.swift */,
				69705AD52BF99D1700521FBE /* SceneDelegate.swift */,
				69705ADC2BF99D1800521FBE /* Assets.xcassets */,
				69705ADE2BF99D1800521FBE /* LaunchScreen.storyboard */,
				69705AE12BF99D1800521FBE /* Info.plist */,
			);
			path = Trackers;
			sourceTree = "<group>";
		};
		69705AE72BF9A0BF00521FBE /* MainScreen */ = {
			isa = PBXGroup;
			children = (
				690575EE2C9B16AE00BFEE90 /* FilterViewController.swift */,
				69705AE82BF9A0E200521FBE /* TrackersViewController.swift */,
				69705AEA2BF9A27F00521FBE /* TabBarController.swift */,
				69705AEF2BF9A4F700521FBE /* AddNewTrackerViewController.swift */,
				69705AF12BF9A58900521FBE /* TrackersCollectionViewCell.swift */,
				69705AFC2BF9AA8500521FBE /* TrackerSupplementaryView.swift */,
				69705B052BF9ACE600521FBE /* ActivityCell.swift */,
				69E9C0912C68DCA40093B6F7 /* EditTrackerViewController.swift */,
			);
			path = MainScreen;
			sourceTree = "<group>";
		};
		69705AEE2BF9A3D400521FBE /* Statistic */ = {
			isa = PBXGroup;
			children = (
				69705AEC2BF9A30100521FBE /* StatisticViewController.swift */,
			);
			path = Statistic;
			sourceTree = "<group>";
		};
		69705AF32BF9A5F300521FBE /* Models */ = {
			isa = PBXGroup;
			children = (
				69705AF42BF9A61200521FBE /* Tracker.swift */,
				69705AF62BF9A64300521FBE /* TrackerCategory.swift */,
				69705AF82BF9A66800521FBE /* TrackerRecord.swift */,
				69705AFA2BF9A69700521FBE /* WeekTable.swift */,
			);
			path = Models;
			sourceTree = "<group>";
		};
		69705AFE2BF9AB9D00521FBE /* NewTrackers */ = {
			isa = PBXGroup;
			children = (
				69519E0B2C01634D00C8B71F /* Category */,
				69705AFF2BF9ABA700521FBE /* ChooseActivityVC */,
			);
			path = NewTrackers;
			sourceTree = "<group>";
		};
		69705AFF2BF9ABA700521FBE /* ChooseActivityVC */ = {
			isa = PBXGroup;
			children = (
				69705B002BF9ABC800521FBE /* ActivityViewController.swift */,
				69705B0B2BF9ADD100521FBE /* WeekTableViewController.swift */,
				69705B0D2BF9ADF400521FBE /* CustomTableViewCell.swift */,
				69519E102C03160A00C8B71F /* ColorsSupplementaryView.swift */,
				69519E122C031B4700C8B71F /* ColorsAndEmojisCells.swift */,
			);
			path = ChooseActivityVC;
			sourceTree = "<group>";
		};
		69ACF78E2C2EFCDE001B8DB5 /* TrackersTests */ = {
			isa = PBXGroup;
			children = (
				69ACF78F2C2EFCDE001B8DB5 /* TrackersTests.swift */,
			);
			path = TrackersTests;
			sourceTree = "<group>";
		};
		69DA9A002C2216E200D5DA03 /* Resources */ = {
			isa = PBXGroup;
			children = (
				69DA9A012C2217A100D5DA03 /* Localizable.strings */,
				69DA9A072C22501000D5DA03 /* Localizable.stringsdict */,
			);
			path = Resources;
			sourceTree = "<group>";
		};
		69DFEBBB2C1CE65F00EBC850 /* Binding */ = {
			isa = PBXGroup;
			children = (
				69DFEBBC2C1CE67600EBC850 /* Binding.swift */,
			);
			path = Binding;
			sourceTree = "<group>";
		};
		69F672CE2C03714D00871B36 /* CoreData */ = {
			isa = PBXGroup;
			children = (
				69F672D92C059FDC00871B36 /* Store */,
				69F672D82C059FBC00871B36 /* Model */,
			);
			path = CoreData;
			sourceTree = "<group>";
		};
		69F672D82C059FBC00871B36 /* Model */ = {
			isa = PBXGroup;
			children = (
				69F672CF2C0371B300871B36 /* Trackers.xcdatamodeld */,
			);
			path = Model;
			sourceTree = "<group>";
		};
		69F672D92C059FDC00871B36 /* Store */ = {
			isa = PBXGroup;
			children = (
				69F672D62C04D0C900871B36 /* TrackerRecordStore.swift */,
				69F672D42C04D0AC00871B36 /* TrackerCategoryStore.swift */,
				69F672D22C04D06A00871B36 /* TrackerStore.swift */,
				69F672DA2C05AA0900871B36 /* UIColorMarshalling.swift */,
				693C6BCE2C18CC79006D0E53 /* AppSettingsStore.swift */,
			);
			path = Store;
			sourceTree = "<group>";
		};
/* End PBXGroup section */

/* Begin PBXNativeTarget section */
		69705ACF2BF99D1700521FBE /* Trackers */ = {
			isa = PBXNativeTarget;
			buildConfigurationList = 69705AE42BF99D1800521FBE /* Build configuration list for PBXNativeTarget "Trackers" */;
			buildPhases = (
				69705ACC2BF99D1700521FBE /* Sources */,
				69705ACD2BF99D1700521FBE /* Frameworks */,
				69705ACE2BF99D1700521FBE /* Resources */,
			);
			buildRules = (
			);
			dependencies = (
			);
			name = Trackers;
			productName = Trackers;
			productReference = 69705AD02BF99D1700521FBE /* Trackers.app */;
			productType = "com.apple.product-type.application";
		};
		69ACF78C2C2EFCDE001B8DB5 /* TrackersTests */ = {
			isa = PBXNativeTarget;
			buildConfigurationList = 69ACF7952C2EFCDE001B8DB5 /* Build configuration list for PBXNativeTarget "TrackersTests" */;
			buildPhases = (
				69ACF7892C2EFCDE001B8DB5 /* Sources */,
				69ACF78A2C2EFCDE001B8DB5 /* Frameworks */,
				69ACF78B2C2EFCDE001B8DB5 /* Resources */,
			);
			buildRules = (
			);
			dependencies = (
				69ACF7922C2EFCDE001B8DB5 /* PBXTargetDependency */,
			);
			name = TrackersTests;
			packageProductDependencies = (
				69ACF7972C2EFD02001B8DB5 /* InlineSnapshotTesting */,
				69ACF7992C2EFD02001B8DB5 /* SnapshotTesting */,
			);
			productName = TrackersTests;
			productReference = 69ACF78D2C2EFCDE001B8DB5 /* TrackersTests.xctest */;
			productType = "com.apple.product-type.bundle.unit-test";
		};
/* End PBXNativeTarget section */

/* Begin PBXProject section */
		69705AC82BF99D1700521FBE /* Project object */ = {
			isa = PBXProject;
			attributes = {
				BuildIndependentTargetsInParallel = 1;
				LastSwiftUpdateCheck = 1540;
				LastUpgradeCheck = 1540;
				TargetAttributes = {
					69705ACF2BF99D1700521FBE = {
						CreatedOnToolsVersion = 15.4;
					};
					69ACF78C2C2EFCDE001B8DB5 = {
						CreatedOnToolsVersion = 15.4;
						TestTargetID = 69705ACF2BF99D1700521FBE;
					};
				};
			};
			buildConfigurationList = 69705ACB2BF99D1700521FBE /* Build configuration list for PBXProject "Trackers" */;
			compatibilityVersion = "Xcode 14.0";
			developmentRegion = ru;
			hasScannedForEncodings = 0;
			knownRegions = (
				en,
				Base,
				ru,
				"es-419",
			);
			mainGroup = 69705AC72BF99D1700521FBE;
			packageReferences = (
				69ACF7962C2EFD02001B8DB5 /* XCRemoteSwiftPackageReference "swift-snapshot-testing" */,
			);
			productRefGroup = 69705AD12BF99D1700521FBE /* Products */;
			projectDirPath = "";
			projectRoot = "";
			targets = (
				69705ACF2BF99D1700521FBE /* Trackers */,
				69ACF78C2C2EFCDE001B8DB5 /* TrackersTests */,
			);
		};
/* End PBXProject section */

/* Begin PBXResourcesBuildPhase section */
		69705ACE2BF99D1700521FBE /* Resources */ = {
			isa = PBXResourcesBuildPhase;
			buildActionMask = 2147483647;
			files = (
				69705ADD2BF99D1800521FBE /* Assets.xcassets in Resources */,
				69DA9A092C22501000D5DA03 /* Localizable.stringsdict in Resources */,
				69DA9A032C2217A100D5DA03 /* Localizable.strings in Resources */,
				69705AE02BF99D1800521FBE /* Base in Resources */,
			);
			runOnlyForDeploymentPostprocessing = 0;
		};
		69ACF78B2C2EFCDE001B8DB5 /* Resources */ = {
			isa = PBXResourcesBuildPhase;
			buildActionMask = 2147483647;
			files = (
			);
			runOnlyForDeploymentPostprocessing = 0;
		};
/* End PBXResourcesBuildPhase section */

/* Begin PBXSourcesBuildPhase section */
		69705ACC2BF99D1700521FBE /* Sources */ = {
			isa = PBXSourcesBuildPhase;
			buildActionMask = 2147483647;
			files = (
				693C6BD32C1A3351006D0E53 /* CategoryViewModel.swift in Sources */,
				69F672DB2C05AA0900871B36 /* UIColorMarshalling.swift in Sources */,
				69705AF72BF9A64300521FBE /* TrackerCategory.swift in Sources */,
				69F672D12C0371B300871B36 /* Trackers.xcdatamodeld in Sources */,
				69705B012BF9ABC800521FBE /* ActivityViewController.swift in Sources */,
				69519E112C03160A00C8B71F /* ColorsSupplementaryView.swift in Sources */,
				69705AE92BF9A0E200521FBE /* TrackersViewController.swift in Sources */,
				69705AD42BF99D1700521FBE /* AppDelegate.swift in Sources */,
				69F672D32C04D06A00871B36 /* TrackerStore.swift in Sources */,
				69DFEBBA2C1CE2BC00EBC850 /* OnboardingSetupPageViewController.swift in Sources */,
				69705B082BF9AD4B00521FBE /* CategoryViewController.swift in Sources */,
				69705B0E2BF9ADF400521FBE /* CustomTableViewCell.swift in Sources */,
				69F672D52C04D0AC00871B36 /* TrackerCategoryStore.swift in Sources */,
				69705AFB2BF9A69700521FBE /* WeekTable.swift in Sources */,
				693C6BCF2C18CC79006D0E53 /* AppSettingsStore.swift in Sources */,
				69705AED2BF9A30100521FBE /* StatisticViewController.swift in Sources */,
				693C6BCD2C179748006D0E53 /* OnboardingViewController.swift in Sources */,
				69705AFD2BF9AA8500521FBE /* TrackerSupplementaryView.swift in Sources */,
				69705B062BF9ACE600521FBE /* ActivityCell.swift in Sources */,
				69DFEBBD2C1CE67600EBC850 /* Binding.swift in Sources */,
				69705AF22BF9A58900521FBE /* TrackersCollectionViewCell.swift in Sources */,
				69519E132C031B4700C8B71F /* ColorsAndEmojisCells.swift in Sources */,
				69E9C0922C68DCA40093B6F7 /* EditTrackerViewController.swift in Sources */,
				69705AF92BF9A66800521FBE /* TrackerRecord.swift in Sources */,
				69705AF52BF9A61200521FBE /* Tracker.swift in Sources */,
				69705AEB2BF9A27F00521FBE /* TabBarController.swift in Sources */,
				690575EF2C9B16CB00BFEE90 /* FilterViewController.swift in Sources */,
				69F672D72C04D0C900871B36 /* TrackerRecordStore.swift in Sources */,
				69705AF02BF9A4F700521FBE /* AddNewTrackerViewController.swift in Sources */,
				69705B0A2BF9AD7C00521FBE /* NewCategoryViewController.swift in Sources */,
				69705AD62BF99D1700521FBE /* SceneDelegate.swift in Sources */,
				69705B0C2BF9ADD100521FBE /* WeekTableViewController.swift in Sources */,
			);
			runOnlyForDeploymentPostprocessing = 0;
		};
		69ACF7892C2EFCDE001B8DB5 /* Sources */ = {
			isa = PBXSourcesBuildPhase;
			buildActionMask = 2147483647;
			files = (
				69ACF7902C2EFCDE001B8DB5 /* TrackersTests.swift in Sources */,
			);
			runOnlyForDeploymentPostprocessing = 0;
		};
/* End PBXSourcesBuildPhase section */

/* Begin PBXTargetDependency section */
		69ACF7922C2EFCDE001B8DB5 /* PBXTargetDependency */ = {
			isa = PBXTargetDependency;
			target = 69705ACF2BF99D1700521FBE /* Trackers */;
			targetProxy = 69ACF7912C2EFCDE001B8DB5 /* PBXContainerItemProxy */;
		};
/* End PBXTargetDependency section */

/* Begin PBXVariantGroup section */
		69705ADE2BF99D1800521FBE /* LaunchScreen.storyboard */ = {
			isa = PBXVariantGroup;
			children = (
				69705ADF2BF99D1800521FBE /* Base */,
				69DA9A042C221B9900D5DA03 /* ru */,
				69DA9A0B2C230E1400D5DA03 /* es-419 */,
			);
			name = LaunchScreen.storyboard;
			sourceTree = "<group>";
		};
		69DA9A012C2217A100D5DA03 /* Localizable.strings */ = {
			isa = PBXVariantGroup;
			children = (
				69DA9A022C2217A100D5DA03 /* en */,
				69DA9A062C221C1A00D5DA03 /* ru */,
				69DA9A0C2C230E1400D5DA03 /* es-419 */,
			);
			name = Localizable.strings;
			sourceTree = "<group>";
		};
		69DA9A072C22501000D5DA03 /* Localizable.stringsdict */ = {
			isa = PBXVariantGroup;
			children = (
				69DA9A082C22501000D5DA03 /* ru */,
				69DA9A0A2C22501700D5DA03 /* en */,
				69DA9A0D2C230E1400D5DA03 /* es-419 */,
			);
			name = Localizable.stringsdict;
			sourceTree = "<group>";
		};
/* End PBXVariantGroup section */

/* Begin XCBuildConfiguration section */
		69705AE22BF99D1800521FBE /* Debug */ = {
			isa = XCBuildConfiguration;
			buildSettings = {
				ALWAYS_SEARCH_USER_PATHS = NO;
				ASSETCATALOG_COMPILER_GENERATE_SWIFT_ASSET_SYMBOL_EXTENSIONS = YES;
				CLANG_ANALYZER_LOCALIZABILITY_NONLOCALIZED = YES;
				CLANG_ANALYZER_NONNULL = YES;
				CLANG_ANALYZER_NUMBER_OBJECT_CONVERSION = YES_AGGRESSIVE;
				CLANG_CXX_LANGUAGE_STANDARD = "gnu++20";
				CLANG_ENABLE_MODULES = YES;
				CLANG_ENABLE_OBJC_ARC = YES;
				CLANG_ENABLE_OBJC_WEAK = YES;
				CLANG_WARN_BLOCK_CAPTURE_AUTORELEASING = YES;
				CLANG_WARN_BOOL_CONVERSION = YES;
				CLANG_WARN_COMMA = YES;
				CLANG_WARN_CONSTANT_CONVERSION = YES;
				CLANG_WARN_DEPRECATED_OBJC_IMPLEMENTATIONS = YES;
				CLANG_WARN_DIRECT_OBJC_ISA_USAGE = YES_ERROR;
				CLANG_WARN_DOCUMENTATION_COMMENTS = YES;
				CLANG_WARN_EMPTY_BODY = YES;
				CLANG_WARN_ENUM_CONVERSION = YES;
				CLANG_WARN_INFINITE_RECURSION = YES;
				CLANG_WARN_INT_CONVERSION = YES;
				CLANG_WARN_NON_LITERAL_NULL_CONVERSION = YES;
				CLANG_WARN_OBJC_IMPLICIT_RETAIN_SELF = YES;
				CLANG_WARN_OBJC_LITERAL_CONVERSION = YES;
				CLANG_WARN_OBJC_ROOT_CLASS = YES_ERROR;
				CLANG_WARN_QUOTED_INCLUDE_IN_FRAMEWORK_HEADER = YES;
				CLANG_WARN_RANGE_LOOP_ANALYSIS = YES;
				CLANG_WARN_STRICT_PROTOTYPES = YES;
				CLANG_WARN_SUSPICIOUS_MOVE = YES;
				CLANG_WARN_UNGUARDED_AVAILABILITY = YES_AGGRESSIVE;
				CLANG_WARN_UNREACHABLE_CODE = YES;
				CLANG_WARN__DUPLICATE_METHOD_MATCH = YES;
				COPY_PHASE_STRIP = NO;
				DEBUG_INFORMATION_FORMAT = dwarf;
				ENABLE_STRICT_OBJC_MSGSEND = YES;
				ENABLE_TESTABILITY = YES;
				ENABLE_USER_SCRIPT_SANDBOXING = YES;
				GCC_C_LANGUAGE_STANDARD = gnu17;
				GCC_DYNAMIC_NO_PIC = NO;
				GCC_NO_COMMON_BLOCKS = YES;
				GCC_OPTIMIZATION_LEVEL = 0;
				GCC_PREPROCESSOR_DEFINITIONS = (
					"DEBUG=1",
					"$(inherited)",
				);
				GCC_WARN_64_TO_32_BIT_CONVERSION = YES;
				GCC_WARN_ABOUT_RETURN_TYPE = YES_ERROR;
				GCC_WARN_UNDECLARED_SELECTOR = YES;
				GCC_WARN_UNINITIALIZED_AUTOS = YES_AGGRESSIVE;
				GCC_WARN_UNUSED_FUNCTION = YES;
				GCC_WARN_UNUSED_VARIABLE = YES;
				IPHONEOS_DEPLOYMENT_TARGET = 17.5;
				LOCALIZATION_PREFERS_STRING_CATALOGS = YES;
				MTL_ENABLE_DEBUG_INFO = INCLUDE_SOURCE;
				MTL_FAST_MATH = YES;
				ONLY_ACTIVE_ARCH = YES;
				SDKROOT = iphoneos;
				SWIFT_ACTIVE_COMPILATION_CONDITIONS = "DEBUG $(inherited)";
				SWIFT_OPTIMIZATION_LEVEL = "-Onone";
			};
			name = Debug;
		};
		69705AE32BF99D1800521FBE /* Release */ = {
			isa = XCBuildConfiguration;
			buildSettings = {
				ALWAYS_SEARCH_USER_PATHS = NO;
				ASSETCATALOG_COMPILER_GENERATE_SWIFT_ASSET_SYMBOL_EXTENSIONS = YES;
				CLANG_ANALYZER_LOCALIZABILITY_NONLOCALIZED = YES;
				CLANG_ANALYZER_NONNULL = YES;
				CLANG_ANALYZER_NUMBER_OBJECT_CONVERSION = YES_AGGRESSIVE;
				CLANG_CXX_LANGUAGE_STANDARD = "gnu++20";
				CLANG_ENABLE_MODULES = YES;
				CLANG_ENABLE_OBJC_ARC = YES;
				CLANG_ENABLE_OBJC_WEAK = YES;
				CLANG_WARN_BLOCK_CAPTURE_AUTORELEASING = YES;
				CLANG_WARN_BOOL_CONVERSION = YES;
				CLANG_WARN_COMMA = YES;
				CLANG_WARN_CONSTANT_CONVERSION = YES;
				CLANG_WARN_DEPRECATED_OBJC_IMPLEMENTATIONS = YES;
				CLANG_WARN_DIRECT_OBJC_ISA_USAGE = YES_ERROR;
				CLANG_WARN_DOCUMENTATION_COMMENTS = YES;
				CLANG_WARN_EMPTY_BODY = YES;
				CLANG_WARN_ENUM_CONVERSION = YES;
				CLANG_WARN_INFINITE_RECURSION = YES;
				CLANG_WARN_INT_CONVERSION = YES;
				CLANG_WARN_NON_LITERAL_NULL_CONVERSION = YES;
				CLANG_WARN_OBJC_IMPLICIT_RETAIN_SELF = YES;
				CLANG_WARN_OBJC_LITERAL_CONVERSION = YES;
				CLANG_WARN_OBJC_ROOT_CLASS = YES_ERROR;
				CLANG_WARN_QUOTED_INCLUDE_IN_FRAMEWORK_HEADER = YES;
				CLANG_WARN_RANGE_LOOP_ANALYSIS = YES;
				CLANG_WARN_STRICT_PROTOTYPES = YES;
				CLANG_WARN_SUSPICIOUS_MOVE = YES;
				CLANG_WARN_UNGUARDED_AVAILABILITY = YES_AGGRESSIVE;
				CLANG_WARN_UNREACHABLE_CODE = YES;
				CLANG_WARN__DUPLICATE_METHOD_MATCH = YES;
				COPY_PHASE_STRIP = NO;
				DEBUG_INFORMATION_FORMAT = "dwarf-with-dsym";
				ENABLE_NS_ASSERTIONS = NO;
				ENABLE_STRICT_OBJC_MSGSEND = YES;
				ENABLE_USER_SCRIPT_SANDBOXING = YES;
				GCC_C_LANGUAGE_STANDARD = gnu17;
				GCC_NO_COMMON_BLOCKS = YES;
				GCC_WARN_64_TO_32_BIT_CONVERSION = YES;
				GCC_WARN_ABOUT_RETURN_TYPE = YES_ERROR;
				GCC_WARN_UNDECLARED_SELECTOR = YES;
				GCC_WARN_UNINITIALIZED_AUTOS = YES_AGGRESSIVE;
				GCC_WARN_UNUSED_FUNCTION = YES;
				GCC_WARN_UNUSED_VARIABLE = YES;
				IPHONEOS_DEPLOYMENT_TARGET = 17.5;
				LOCALIZATION_PREFERS_STRING_CATALOGS = YES;
				MTL_ENABLE_DEBUG_INFO = NO;
				MTL_FAST_MATH = YES;
				SDKROOT = iphoneos;
				SWIFT_COMPILATION_MODE = wholemodule;
				VALIDATE_PRODUCT = YES;
			};
			name = Release;
		};
		69705AE52BF99D1800521FBE /* Debug */ = {
			isa = XCBuildConfiguration;
			buildSettings = {
				ASSETCATALOG_COMPILER_APPICON_NAME = AppIcon;
				ASSETCATALOG_COMPILER_GLOBAL_ACCENT_COLOR_NAME = AccentColor;
				CODE_SIGN_STYLE = Automatic;
				CURRENT_PROJECT_VERSION = 1;
				DEVELOPMENT_TEAM = JX29LKCGP7;
				GENERATE_INFOPLIST_FILE = YES;
				INFOPLIST_FILE = Trackers/Info.plist;
				INFOPLIST_KEY_UIApplicationSupportsIndirectInputEvents = YES;
				INFOPLIST_KEY_UILaunchStoryboardName = LaunchScreen;
				INFOPLIST_KEY_UISupportedInterfaceOrientations = UIInterfaceOrientationPortrait;
				IPHONEOS_DEPLOYMENT_TARGET = 13.4;
				LD_RUNPATH_SEARCH_PATHS = (
					"$(inherited)",
					"@executable_path/Frameworks",
				);
				MARKETING_VERSION = 1.0;
				PRODUCT_BUNDLE_IDENTIFIER = ru.Lagowazzz.Trackers;
				PRODUCT_NAME = "$(TARGET_NAME)";
				SUPPORTED_PLATFORMS = "iphoneos iphonesimulator";
				SUPPORTS_MACCATALYST = NO;
				SUPPORTS_MAC_DESIGNED_FOR_IPHONE_IPAD = NO;
				SUPPORTS_XR_DESIGNED_FOR_IPHONE_IPAD = NO;
				SWIFT_EMIT_LOC_STRINGS = YES;
				SWIFT_VERSION = 5.0;
				TARGETED_DEVICE_FAMILY = 1;
			};
			name = Debug;
		};
		69705AE62BF99D1800521FBE /* Release */ = {
			isa = XCBuildConfiguration;
			buildSettings = {
				ASSETCATALOG_COMPILER_APPICON_NAME = AppIcon;
				ASSETCATALOG_COMPILER_GLOBAL_ACCENT_COLOR_NAME = AccentColor;
				CODE_SIGN_STYLE = Automatic;
				CURRENT_PROJECT_VERSION = 1;
				DEVELOPMENT_TEAM = JX29LKCGP7;
				GENERATE_INFOPLIST_FILE = YES;
				INFOPLIST_FILE = Trackers/Info.plist;
				INFOPLIST_KEY_UIApplicationSupportsIndirectInputEvents = YES;
				INFOPLIST_KEY_UILaunchStoryboardName = LaunchScreen;
				INFOPLIST_KEY_UISupportedInterfaceOrientations = UIInterfaceOrientationPortrait;
				IPHONEOS_DEPLOYMENT_TARGET = 13.4;
				LD_RUNPATH_SEARCH_PATHS = (
					"$(inherited)",
					"@executable_path/Frameworks",
				);
				MARKETING_VERSION = 1.0;
				PRODUCT_BUNDLE_IDENTIFIER = ru.Lagowazzz.Trackers;
				PRODUCT_NAME = "$(TARGET_NAME)";
				SUPPORTED_PLATFORMS = "iphoneos iphonesimulator";
				SUPPORTS_MACCATALYST = NO;
				SUPPORTS_MAC_DESIGNED_FOR_IPHONE_IPAD = NO;
				SUPPORTS_XR_DESIGNED_FOR_IPHONE_IPAD = NO;
				SWIFT_EMIT_LOC_STRINGS = YES;
				SWIFT_VERSION = 5.0;
				TARGETED_DEVICE_FAMILY = 1;
			};
			name = Release;
		};
		69ACF7932C2EFCDE001B8DB5 /* Debug */ = {
			isa = XCBuildConfiguration;
			buildSettings = {
				BUNDLE_LOADER = "$(TEST_HOST)";
				CODE_SIGN_STYLE = Automatic;
				CURRENT_PROJECT_VERSION = 1;
				DEVELOPMENT_TEAM = JX29LKCGP7;
				GENERATE_INFOPLIST_FILE = YES;
				IPHONEOS_DEPLOYMENT_TARGET = 13.4;
				MARKETING_VERSION = 1.0;
				PRODUCT_BUNDLE_IDENTIFIER = ru.Lagowazzz.TrackersTests;
				PRODUCT_NAME = "$(TARGET_NAME)";
				SUPPORTED_PLATFORMS = "iphoneos iphonesimulator";
				SUPPORTS_MACCATALYST = NO;
				SUPPORTS_XR_DESIGNED_FOR_IPHONE_IPAD = NO;
				SWIFT_EMIT_LOC_STRINGS = NO;
				SWIFT_VERSION = 5.0;
				TARGETED_DEVICE_FAMILY = 1;
				TEST_HOST = "$(BUILT_PRODUCTS_DIR)/Trackers.app/$(BUNDLE_EXECUTABLE_FOLDER_PATH)/Trackers";
			};
			name = Debug;
		};
		69ACF7942C2EFCDE001B8DB5 /* Release */ = {
			isa = XCBuildConfiguration;
			buildSettings = {
				BUNDLE_LOADER = "$(TEST_HOST)";
				CODE_SIGN_STYLE = Automatic;
				CURRENT_PROJECT_VERSION = 1;
				DEVELOPMENT_TEAM = JX29LKCGP7;
				GENERATE_INFOPLIST_FILE = YES;
				IPHONEOS_DEPLOYMENT_TARGET = 13.4;
				MARKETING_VERSION = 1.0;
				PRODUCT_BUNDLE_IDENTIFIER = ru.Lagowazzz.TrackersTests;
				PRODUCT_NAME = "$(TARGET_NAME)";
				SUPPORTED_PLATFORMS = "iphoneos iphonesimulator";
				SUPPORTS_MACCATALYST = NO;
				SUPPORTS_XR_DESIGNED_FOR_IPHONE_IPAD = NO;
				SWIFT_EMIT_LOC_STRINGS = NO;
				SWIFT_VERSION = 5.0;
				TARGETED_DEVICE_FAMILY = 1;
				TEST_HOST = "$(BUILT_PRODUCTS_DIR)/Trackers.app/$(BUNDLE_EXECUTABLE_FOLDER_PATH)/Trackers";
			};
			name = Release;
		};
/* End XCBuildConfiguration section */

/* Begin XCConfigurationList section */
		69705ACB2BF99D1700521FBE /* Build configuration list for PBXProject "Trackers" */ = {
			isa = XCConfigurationList;
			buildConfigurations = (
				69705AE22BF99D1800521FBE /* Debug */,
				69705AE32BF99D1800521FBE /* Release */,
			);
			defaultConfigurationIsVisible = 0;
			defaultConfigurationName = Release;
		};
		69705AE42BF99D1800521FBE /* Build configuration list for PBXNativeTarget "Trackers" */ = {
			isa = XCConfigurationList;
			buildConfigurations = (
				69705AE52BF99D1800521FBE /* Debug */,
				69705AE62BF99D1800521FBE /* Release */,
			);
			defaultConfigurationIsVisible = 0;
			defaultConfigurationName = Release;
		};
		69ACF7952C2EFCDE001B8DB5 /* Build configuration list for PBXNativeTarget "TrackersTests" */ = {
			isa = XCConfigurationList;
			buildConfigurations = (
				69ACF7932C2EFCDE001B8DB5 /* Debug */,
				69ACF7942C2EFCDE001B8DB5 /* Release */,
			);
			defaultConfigurationIsVisible = 0;
			defaultConfigurationName = Release;
		};
/* End XCConfigurationList section */

/* Begin XCRemoteSwiftPackageReference section */
		69ACF7962C2EFD02001B8DB5 /* XCRemoteSwiftPackageReference "swift-snapshot-testing" */ = {
			isa = XCRemoteSwiftPackageReference;
			repositoryURL = "https://github.com/pointfreeco/swift-snapshot-testing";
			requirement = {
				kind = upToNextMajorVersion;
				minimumVersion = 1.16.1;
			};
		};
/* End XCRemoteSwiftPackageReference section */

/* Begin XCSwiftPackageProductDependency section */
		69ACF7972C2EFD02001B8DB5 /* InlineSnapshotTesting */ = {
			isa = XCSwiftPackageProductDependency;
			package = 69ACF7962C2EFD02001B8DB5 /* XCRemoteSwiftPackageReference "swift-snapshot-testing" */;
			productName = InlineSnapshotTesting;
		};
		69ACF7992C2EFD02001B8DB5 /* SnapshotTesting */ = {
			isa = XCSwiftPackageProductDependency;
			package = 69ACF7962C2EFD02001B8DB5 /* XCRemoteSwiftPackageReference "swift-snapshot-testing" */;
			productName = SnapshotTesting;
		};
/* End XCSwiftPackageProductDependency section */

/* Begin XCVersionGroup section */
		69F672CF2C0371B300871B36 /* Trackers.xcdatamodeld */ = {
			isa = XCVersionGroup;
			children = (
				69F672D02C0371B300871B36 /* Trackers.xcdatamodel */,
			);
			currentVersion = 69F672D02C0371B300871B36 /* Trackers.xcdatamodel */;
			path = Trackers.xcdatamodeld;
			sourceTree = "<group>";
			versionGroupType = wrapper.xcdatamodel;
		};
/* End XCVersionGroup section */
	};
	rootObject = 69705AC82BF99D1700521FBE /* Project object */;
}
