// !$*UTF8*$!
{
	archiveVersion = 1;
	classes = {
	};
	objectVersion = 56;
	objects = {

/* Begin PBXBuildFile section */
		69705AD42BF99D1700521FBE /* AppDelegate.swift in Sources */ = {isa = PBXBuildFile; fileRef = 69705AD32BF99D1700521FBE /* AppDelegate.swift */; };
		69705AD62BF99D1700521FBE /* SceneDelegate.swift in Sources */ = {isa = PBXBuildFile; fileRef = 69705AD52BF99D1700521FBE /* SceneDelegate.swift */; };
		69705ADD2BF99D1800521FBE /* Assets.xcassets in Resources */ = {isa = PBXBuildFile; fileRef = 69705ADC2BF99D1800521FBE /* Assets.xcassets */; };
		69705AE02BF99D1800521FBE /* Base in Resources */ = {isa = PBXBuildFile; fileRef = 69705ADF2BF99D1800521FBE /* Base */; };
		69705AE92BF9A0E200521FBE /* TrackersViewController.swift in Sources */ = {isa = PBXBuildFile; fileRef = 69705AE82BF9A0E200521FBE /* TrackersViewController.swift */; };
		69705AEB2BF9A27F00521FBE /* TabBarController.swift in Sources */ = {isa = PBXBuildFile; fileRef = 69705AEA2BF9A27F00521FBE /* TabBarController.swift */; };
		69705AED2BF9A30100521FBE /* StatisticViewController.swift in Sources */ = {isa = PBXBuildFile; fileRef = 69705AEC2BF9A30100521FBE /* StatisticViewController.swift */; };
		69705AF02BF9A4F700521FBE /* AddNewTrackerViewController.swift in Sources */ = {isa = PBXBuildFile; fileRef = 69705AEF2BF9A4F700521FBE /* AddNewTrackerViewController.swift */; };
		69705AF22BF9A58900521FBE /* TrackersCollectionViewCell.swift in Sources */ = {isa = PBXBuildFile; fileRef = 69705AF12BF9A58900521FBE /* TrackersCollectionViewCell.swift */; };
/* End PBXBuildFile section */

/* Begin PBXFileReference section */
		69705AD02BF99D1700521FBE /* Trackers.app */ = {isa = PBXFileReference; explicitFileType = wrapper.application; includeInIndex = 0; path = Trackers.app; sourceTree = BUILT_PRODUCTS_DIR; };
		69705AD32BF99D1700521FBE /* AppDelegate.swift */ = {isa = PBXFileReference; lastKnownFileType = sourcecode.swift; path = AppDelegate.swift; sourceTree = "<group>"; };
		69705AD52BF99D1700521FBE /* SceneDelegate.swift */ = {isa = PBXFileReference; lastKnownFileType = sourcecode.swift; path = SceneDelegate.swift; sourceTree = "<group>"; };
		69705ADC2BF99D1800521FBE /* Assets.xcassets */ = {isa = PBXFileReference; lastKnownFileType = folder.assetcatalog; path = Assets.xcassets; sourceTree = "<group>"; };
		69705ADF2BF99D1800521FBE /* Base */ = {isa = PBXFileReference; lastKnownFileType = file.storyboard; name = Base; path = Base.lproj/LaunchScreen.storyboard; sourceTree = "<group>"; };
		69705AE12BF99D1800521FBE /* Info.plist */ = {isa = PBXFileReference; lastKnownFileType = text.plist.xml; path = Info.plist; sourceTree = "<group>"; };
		69705AE82BF9A0E200521FBE /* TrackersViewController.swift */ = {isa = PBXFileReference; lastKnownFileType = sourcecode.swift; path = TrackersViewController.swift; sourceTree = "<group>"; };
		69705AEA2BF9A27F00521FBE /* TabBarController.swift */ = {isa = PBXFileReference; lastKnownFileType = sourcecode.swift; path = TabBarController.swift; sourceTree = "<group>"; };
		69705AEC2BF9A30100521FBE /* StatisticViewController.swift */ = {isa = PBXFileReference; lastKnownFileType = sourcecode.swift; path = StatisticViewController.swift; sourceTree = "<group>"; };
		69705AEF2BF9A4F700521FBE /* AddNewTrackerViewController.swift */ = {isa = PBXFileReference; lastKnownFileType = sourcecode.swift; path = AddNewTrackerViewController.swift; sourceTree = "<group>"; };
		69705AF12BF9A58900521FBE /* TrackersCollectionViewCell.swift */ = {isa = PBXFileReference; lastKnownFileType = sourcecode.swift; path = TrackersCollectionViewCell.swift; sourceTree = "<group>"; };
/* End PBXFileReference section */

/* Begin PBXFrameworksBuildPhase section */
		69705ACD2BF99D1700521FBE /* Frameworks */ = {
			isa = PBXFrameworksBuildPhase;
			buildActionMask = 2147483647;
			files = (
			);
			runOnlyForDeploymentPostprocessing = 0;
		};
/* End PBXFrameworksBuildPhase section */

/* Begin PBXGroup section */
		69705AC72BF99D1700521FBE = {
			isa = PBXGroup;
			children = (
				69705AD22BF99D1700521FBE /* Trackers */,
				69705AD12BF99D1700521FBE /* Products */,
			);
			sourceTree = "<group>";
		};
		69705AD12BF99D1700521FBE /* Products */ = {
			isa = PBXGroup;
			children = (
				69705AD02BF99D1700521FBE /* Trackers.app */,
			);
			name = Products;
			sourceTree = "<group>";
		};
		69705AD22BF99D1700521FBE /* Trackers */ = {
			isa = PBXGroup;
			children = (
				69705AEE2BF9A3D400521FBE /* Statistic */,
				69705AE72BF9A0BF00521FBE /* MainScreen */,
				69705AD32BF99D1700521FBE /* AppDelegate.swift */,
				69705AD52BF99D1700521FBE /* SceneDelegate.swift */,
				69705ADC2BF99D1800521FBE /* Assets.xcassets */,
				69705ADE2BF99D1800521FBE /* LaunchScreen.storyboard */,
				69705AE12BF99D1800521FBE /* Info.plist */,
			);
			path = Trackers;
			sourceTree = "<group>";
		};
		69705AE72BF9A0BF00521FBE /* MainScreen */ = {
			isa = PBXGroup;
			children = (
				69705AE82BF9A0E200521FBE /* TrackersViewController.swift */,
				69705AEA2BF9A27F00521FBE /* TabBarController.swift */,
				69705AEF2BF9A4F700521FBE /* AddNewTrackerViewController.swift */,
				69705AF12BF9A58900521FBE /* TrackersCollectionViewCell.swift */,
			);
			path = MainScreen;
			sourceTree = "<group>";
		};
		69705AEE2BF9A3D400521FBE /* Statistic */ = {
			isa = PBXGroup;
			children = (
				69705AEC2BF9A30100521FBE /* StatisticViewController.swift */,
			);
			path = Statistic;
			sourceTree = "<group>";
		};
/* End PBXGroup section */

/* Begin PBXNativeTarget section */
		69705ACF2BF99D1700521FBE /* Trackers */ = {
			isa = PBXNativeTarget;
			buildConfigurationList = 69705AE42BF99D1800521FBE /* Build configuration list for PBXNativeTarget "Trackers" */;
			buildPhases = (
				69705ACC2BF99D1700521FBE /* Sources */,
				69705ACD2BF99D1700521FBE /* Frameworks */,
				69705ACE2BF99D1700521FBE /* Resources */,
			);
			buildRules = (
			);
			dependencies = (
			);
			name = Trackers;
			productName = Trackers;
			productReference = 69705AD02BF99D1700521FBE /* Trackers.app */;
			productType = "com.apple.product-type.application";
		};
/* End PBXNativeTarget section */

/* Begin PBXProject section */
		69705AC82BF99D1700521FBE /* Project object */ = {
			isa = PBXProject;
			attributes = {
				BuildIndependentTargetsInParallel = 1;
				LastSwiftUpdateCheck = 1540;
				LastUpgradeCheck = 1540;
				TargetAttributes = {
					69705ACF2BF99D1700521FBE = {
						CreatedOnToolsVersion = 15.4;
					};
				};
			};
			buildConfigurationList = 69705ACB2BF99D1700521FBE /* Build configuration list for PBXProject "Trackers" */;
			compatibilityVersion = "Xcode 14.0";
			developmentRegion = en;
			hasScannedForEncodings = 0;
			knownRegions = (
				en,
				Base,
			);
			mainGroup = 69705AC72BF99D1700521FBE;
			productRefGroup = 69705AD12BF99D1700521FBE /* Products */;
			projectDirPath = "";
			projectRoot = "";
			targets = (
				69705ACF2BF99D1700521FBE /* Trackers */,
			);
		};
/* End PBXProject section */

/* Begin PBXResourcesBuildPhase section */
		69705ACE2BF99D1700521FBE /* Resources */ = {
			isa = PBXResourcesBuildPhase;
			buildActionMask = 2147483647;
			files = (
				69705ADD2BF99D1800521FBE /* Assets.xcassets in Resources */,
				69705AE02BF99D1800521FBE /* Base in Resources */,
			);
			runOnlyForDeploymentPostprocessing = 0;
		};
/* End PBXResourcesBuildPhase section */

/* Begin PBXSourcesBuildPhase section */
		69705ACC2BF99D1700521FBE /* Sources */ = {
			isa = PBXSourcesBuildPhase;
			buildActionMask = 2147483647;
			files = (
				69705AE92BF9A0E200521FBE /* TrackersViewController.swift in Sources */,
				69705AD42BF99D1700521FBE /* AppDelegate.swift in Sources */,
				69705AED2BF9A30100521FBE /* StatisticViewController.swift in Sources */,
				69705AF22BF9A58900521FBE /* TrackersCollectionViewCell.swift in Sources */,
				69705AEB2BF9A27F00521FBE /* TabBarController.swift in Sources */,
				69705AF02BF9A4F700521FBE /* AddNewTrackerViewController.swift in Sources */,
				69705AD62BF99D1700521FBE /* SceneDelegate.swift in Sources */,
			);
			runOnlyForDeploymentPostprocessing = 0;
		};
/* End PBXSourcesBuildPhase section */

/* Begin PBXVariantGroup section */
		69705ADE2BF99D1800521FBE /* LaunchScreen.storyboard */ = {
			isa = PBXVariantGroup;
			children = (
				69705ADF2BF99D1800521FBE /* Base */,
			);
			name = LaunchScreen.storyboard;
			sourceTree = "<group>";
		};
/* End PBXVariantGroup section */

/* Begin XCBuildConfiguration section */
		69705AE22BF99D1800521FBE /* Debug */ = {
			isa = XCBuildConfiguration;
			buildSettings = {
				ALWAYS_SEARCH_USER_PATHS = NO;
				ASSETCATALOG_COMPILER_GENERATE_SWIFT_ASSET_SYMBOL_EXTENSIONS = YES;
				CLANG_ANALYZER_NONNULL = YES;
				CLANG_ANALYZER_NUMBER_OBJECT_CONVERSION = YES_AGGRESSIVE;
				CLANG_CXX_LANGUAGE_STANDARD = "gnu++20";
				CLANG_ENABLE_MODULES = YES;
				CLANG_ENABLE_OBJC_ARC = YES;
				CLANG_ENABLE_OBJC_WEAK = YES;
				CLANG_WARN_BLOCK_CAPTURE_AUTORELEASING = YES;
				CLANG_WARN_BOOL_CONVERSION = YES;
				CLANG_WARN_COMMA = YES;
				CLANG_WARN_CONSTANT_CONVERSION = YES;
				CLANG_WARN_DEPRECATED_OBJC_IMPLEMENTATIONS = YES;
				CLANG_WARN_DIRECT_OBJC_ISA_USAGE = YES_ERROR;
				CLANG_WARN_DOCUMENTATION_COMMENTS = YES;
				CLANG_WARN_EMPTY_BODY = YES;
				CLANG_WARN_ENUM_CONVERSION = YES;
				CLANG_WARN_INFINITE_RECURSION = YES;
				CLANG_WARN_INT_CONVERSION = YES;
				CLANG_WARN_NON_LITERAL_NULL_CONVERSION = YES;
				CLANG_WARN_OBJC_IMPLICIT_RETAIN_SELF = YES;
				CLANG_WARN_OBJC_LITERAL_CONVERSION = YES;
				CLANG_WARN_OBJC_ROOT_CLASS = YES_ERROR;
				CLANG_WARN_QUOTED_INCLUDE_IN_FRAMEWORK_HEADER = YES;
				CLANG_WARN_RANGE_LOOP_ANALYSIS = YES;
				CLANG_WARN_STRICT_PROTOTYPES = YES;
				CLANG_WARN_SUSPICIOUS_MOVE = YES;
				CLANG_WARN_UNGUARDED_AVAILABILITY = YES_AGGRESSIVE;
				CLANG_WARN_UNREACHABLE_CODE = YES;
				CLANG_WARN__DUPLICATE_METHOD_MATCH = YES;
				COPY_PHASE_STRIP = NO;
				DEBUG_INFORMATION_FORMAT = dwarf;
				ENABLE_STRICT_OBJC_MSGSEND = YES;
				ENABLE_TESTABILITY = YES;
				ENABLE_USER_SCRIPT_SANDBOXING = YES;
				GCC_C_LANGUAGE_STANDARD = gnu17;
				GCC_DYNAMIC_NO_PIC = NO;
				GCC_NO_COMMON_BLOCKS = YES;
				GCC_OPTIMIZATION_LEVEL = 0;
				GCC_PREPROCESSOR_DEFINITIONS = (
					"DEBUG=1",
					"$(inherited)",
				);
				GCC_WARN_64_TO_32_BIT_CONVERSION = YES;
				GCC_WARN_ABOUT_RETURN_TYPE = YES_ERROR;
				GCC_WARN_UNDECLARED_SELECTOR = YES;
				GCC_WARN_UNINITIALIZED_AUTOS = YES_AGGRESSIVE;
				GCC_WARN_UNUSED_FUNCTION = YES;
				GCC_WARN_UNUSED_VARIABLE = YES;
				IPHONEOS_DEPLOYMENT_TARGET = 17.5;
				LOCALIZATION_PREFERS_STRING_CATALOGS = YES;
				MTL_ENABLE_DEBUG_INFO = INCLUDE_SOURCE;
				MTL_FAST_MATH = YES;
				ONLY_ACTIVE_ARCH = YES;
				SDKROOT = iphoneos;
				SWIFT_ACTIVE_COMPILATION_CONDITIONS = "DEBUG $(inherited)";
				SWIFT_OPTIMIZATION_LEVEL = "-Onone";
			};
			name = Debug;
		};
		69705AE32BF99D1800521FBE /* Release */ = {
			isa = XCBuildConfiguration;
			buildSettings = {
				ALWAYS_SEARCH_USER_PATHS = NO;
				ASSETCATALOG_COMPILER_GENERATE_SWIFT_ASSET_SYMBOL_EXTENSIONS = YES;
				CLANG_ANALYZER_NONNULL = YES;
				CLANG_ANALYZER_NUMBER_OBJECT_CONVERSION = YES_AGGRESSIVE;
				CLANG_CXX_LANGUAGE_STANDARD = "gnu++20";
				CLANG_ENABLE_MODULES = YES;
				CLANG_ENABLE_OBJC_ARC = YES;
				CLANG_ENABLE_OBJC_WEAK = YES;
				CLANG_WARN_BLOCK_CAPTURE_AUTORELEASING = YES;
				CLANG_WARN_BOOL_CONVERSION = YES;
				CLANG_WARN_COMMA = YES;
				CLANG_WARN_CONSTANT_CONVERSION = YES;
				CLANG_WARN_DEPRECATED_OBJC_IMPLEMENTATIONS = YES;
				CLANG_WARN_DIRECT_OBJC_ISA_USAGE = YES_ERROR;
				CLANG_WARN_DOCUMENTATION_COMMENTS = YES;
				CLANG_WARN_EMPTY_BODY = YES;
				CLANG_WARN_ENUM_CONVERSION = YES;
				CLANG_WARN_INFINITE_RECURSION = YES;
				CLANG_WARN_INT_CONVERSION = YES;
				CLANG_WARN_NON_LITERAL_NULL_CONVERSION = YES;
				CLANG_WARN_OBJC_IMPLICIT_RETAIN_SELF = YES;
				CLANG_WARN_OBJC_LITERAL_CONVERSION = YES;
				CLANG_WARN_OBJC_ROOT_CLASS = YES_ERROR;
				CLANG_WARN_QUOTED_INCLUDE_IN_FRAMEWORK_HEADER = YES;
				CLANG_WARN_RANGE_LOOP_ANALYSIS = YES;
				CLANG_WARN_STRICT_PROTOTYPES = YES;
				CLANG_WARN_SUSPICIOUS_MOVE = YES;
				CLANG_WARN_UNGUARDED_AVAILABILITY = YES_AGGRESSIVE;
				CLANG_WARN_UNREACHABLE_CODE = YES;
				CLANG_WARN__DUPLICATE_METHOD_MATCH = YES;
				COPY_PHASE_STRIP = NO;
				DEBUG_INFORMATION_FORMAT = "dwarf-with-dsym";
				ENABLE_NS_ASSERTIONS = NO;
				ENABLE_STRICT_OBJC_MSGSEND = YES;
				ENABLE_USER_SCRIPT_SANDBOXING = YES;
				GCC_C_LANGUAGE_STANDARD = gnu17;
				GCC_NO_COMMON_BLOCKS = YES;
				GCC_WARN_64_TO_32_BIT_CONVERSION = YES;
				GCC_WARN_ABOUT_RETURN_TYPE = YES_ERROR;
				GCC_WARN_UNDECLARED_SELECTOR = YES;
				GCC_WARN_UNINITIALIZED_AUTOS = YES_AGGRESSIVE;
				GCC_WARN_UNUSED_FUNCTION = YES;
				GCC_WARN_UNUSED_VARIABLE = YES;
				IPHONEOS_DEPLOYMENT_TARGET = 17.5;
				LOCALIZATION_PREFERS_STRING_CATALOGS = YES;
				MTL_ENABLE_DEBUG_INFO = NO;
				MTL_FAST_MATH = YES;
				SDKROOT = iphoneos;
				SWIFT_COMPILATION_MODE = wholemodule;
				VALIDATE_PRODUCT = YES;
			};
			name = Release;
		};
		69705AE52BF99D1800521FBE /* Debug */ = {
			isa = XCBuildConfiguration;
			buildSettings = {
				ASSETCATALOG_COMPILER_APPICON_NAME = AppIcon;
				ASSETCATALOG_COMPILER_GLOBAL_ACCENT_COLOR_NAME = AccentColor;
				CODE_SIGN_STYLE = Automatic;
				CURRENT_PROJECT_VERSION = 1;
				DEVELOPMENT_TEAM = JX29LKCGP7;
				GENERATE_INFOPLIST_FILE = YES;
				INFOPLIST_FILE = Trackers/Info.plist;
				INFOPLIST_KEY_UIApplicationSupportsIndirectInputEvents = YES;
				INFOPLIST_KEY_UILaunchStoryboardName = LaunchScreen;
				INFOPLIST_KEY_UISupportedInterfaceOrientations = UIInterfaceOrientationPortrait;
				IPHONEOS_DEPLOYMENT_TARGET = 13.4;
				LD_RUNPATH_SEARCH_PATHS = (
					"$(inherited)",
					"@executable_path/Frameworks",
				);
				MARKETING_VERSION = 1.0;
				PRODUCT_BUNDLE_IDENTIFIER = ru.Lagowazzz.Trackers;
				PRODUCT_NAME = "$(TARGET_NAME)";
				SUPPORTED_PLATFORMS = "iphoneos iphonesimulator";
				SUPPORTS_MACCATALYST = NO;
				SUPPORTS_MAC_DESIGNED_FOR_IPHONE_IPAD = NO;
				SUPPORTS_XR_DESIGNED_FOR_IPHONE_IPAD = NO;
				SWIFT_EMIT_LOC_STRINGS = YES;
				SWIFT_VERSION = 5.0;
				TARGETED_DEVICE_FAMILY = 1;
			};
			name = Debug;
		};
		69705AE62BF99D1800521FBE /* Release */ = {
			isa = XCBuildConfiguration;
			buildSettings = {
				ASSETCATALOG_COMPILER_APPICON_NAME = AppIcon;
				ASSETCATALOG_COMPILER_GLOBAL_ACCENT_COLOR_NAME = AccentColor;
				CODE_SIGN_STYLE = Automatic;
				CURRENT_PROJECT_VERSION = 1;
				DEVELOPMENT_TEAM = JX29LKCGP7;
				GENERATE_INFOPLIST_FILE = YES;
				INFOPLIST_FILE = Trackers/Info.plist;
				INFOPLIST_KEY_UIApplicationSupportsIndirectInputEvents = YES;
				INFOPLIST_KEY_UILaunchStoryboardName = LaunchScreen;
				INFOPLIST_KEY_UISupportedInterfaceOrientations = UIInterfaceOrientationPortrait;
				IPHONEOS_DEPLOYMENT_TARGET = 13.4;
				LD_RUNPATH_SEARCH_PATHS = (
					"$(inherited)",
					"@executable_path/Frameworks",
				);
				MARKETING_VERSION = 1.0;
				PRODUCT_BUNDLE_IDENTIFIER = ru.Lagowazzz.Trackers;
				PRODUCT_NAME = "$(TARGET_NAME)";
				SUPPORTED_PLATFORMS = "iphoneos iphonesimulator";
				SUPPORTS_MACCATALYST = NO;
				SUPPORTS_MAC_DESIGNED_FOR_IPHONE_IPAD = NO;
				SUPPORTS_XR_DESIGNED_FOR_IPHONE_IPAD = NO;
				SWIFT_EMIT_LOC_STRINGS = YES;
				SWIFT_VERSION = 5.0;
				TARGETED_DEVICE_FAMILY = 1;
			};
			name = Release;
		};
/* End XCBuildConfiguration section */

/* Begin XCConfigurationList section */
		69705ACB2BF99D1700521FBE /* Build configuration list for PBXProject "Trackers" */ = {
			isa = XCConfigurationList;
			buildConfigurations = (
				69705AE22BF99D1800521FBE /* Debug */,
				69705AE32BF99D1800521FBE /* Release */,
			);
			defaultConfigurationIsVisible = 0;
			defaultConfigurationName = Release;
		};
		69705AE42BF99D1800521FBE /* Build configuration list for PBXNativeTarget "Trackers" */ = {
			isa = XCConfigurationList;
			buildConfigurations = (
				69705AE52BF99D1800521FBE /* Debug */,
				69705AE62BF99D1800521FBE /* Release */,
			);
			defaultConfigurationIsVisible = 0;
			defaultConfigurationName = Release;
		};
/* End XCConfigurationList section */
	};
	rootObject = 69705AC82BF99D1700521FBE /* Project object */;
}
